
Microsoft Visual Studio Solution File, Format Version 12.00
# Visual Studio Version 16
VisualStudioVersion = 16.0.30907.101
MinimumVisualStudioVersion = 10.0.40219.1
Project("{FAE04EC0-301F-11D3-BF4B-00C04F79EFBC}") = "USB_TEST_ONR", "USB_TEST_ONR.csproj", "{81A103FF-0518-4EA3-B734-A20B657DCC8D}"
EndProject
Global
	GlobalSection(SolutionConfigurationPlatforms) = preSolution
		Debug|Any CPU = Debug|Any CPU
		Release|Any CPU = Release|Any CPU
	EndGlobalSection
	GlobalSection(ProjectConfigurationPlatforms) = postSolution
		{81A103FF-0518-4EA3-B734-A20B657DCC8D}.Debug|Any CPU.ActiveCfg = Debug|Any CPU
		{81A103FF-0518-4EA3-B734-A20B657DCC8D}.Debug|Any CPU.Build.0 = Debug|Any CPU
		{81A103FF-0518-4EA3-B734-A20B657DCC8D}.Release|Any CPU.ActiveCfg = Release|Any CPU
		{81A103FF-0518-4EA3-B734-A20B657DCC8D}.Release|Any CPU.Build.0 = Release|Any CPU
	EndGlobalSection
	GlobalSection(SolutionProperties) = preSolution
		HideSolutionNode = FALSE
	EndGlobalSection
	GlobalSection(ExtensibilityGlobals) = postSolution
		SolutionGuid = {F68C761C-1B3F-49D2-9F7B-2497B9E31C36}
	EndGlobalSection
EndGlobal
